
Microsoft Visual Studio Solution File, Format Version 10.00
# Visual Studio 2008
Project("{8BC9CEB8-8B4A-11D0-8D11-00A0C91BC942}") = "rpw.core", "..\rpw.core\src\rpw.core.vcproj", "{5080B3C9-BF1E-4191-8777-942C3267F78D}"
EndProject
Project("{8BC9CEB8-8B4A-11D0-8D11-00A0C91BC942}") = "easyunit", "..\easyunit\easyunit.vcproj", "{2BF99972-4DA8-4E2E-BB0B-C7074E691009}"
EndProject
Project("{8BC9CEB8-8B4A-11D0-8D11-00A0C91BC942}") = "libglog_static", "..\glog\vsprojects\libglog_static\libglog_static.vcproj", "{772C2111-BBBF-49E6-B912-198A7F7A88E5}"
EndProject
Project("{8BC9CEB8-8B4A-11D0-8D11-00A0C91BC942}") = "rpw.sqlite", "..\rpw.sqlite\src\rpw.sqlite.vcproj", "{331EC3ED-F435-461C-AC93-C590C4CD7EA6}"
	ProjectSection(ProjectDependencies) = postProject
		{5080B3C9-BF1E-4191-8777-942C3267F78D} = {5080B3C9-BF1E-4191-8777-942C3267F78D}
	EndProjectSection
EndProject
Project("{8BC9CEB8-8B4A-11D0-8D11-00A0C91BC942}") = "rpw.tw.data.sqlite", "data.sqlite\src\rpw.tw.data.sqlite.vcproj", "{0336DE65-2239-49BA-BE40-C6D7BB0BAA78}"
	ProjectSection(ProjectDependencies) = postProject
		{5080B3C9-BF1E-4191-8777-942C3267F78D} = {5080B3C9-BF1E-4191-8777-942C3267F78D}
		{331EC3ED-F435-461C-AC93-C590C4CD7EA6} = {331EC3ED-F435-461C-AC93-C590C4CD7EA6}
	EndProjectSection
EndProject
Project("{8BC9CEB8-8B4A-11D0-8D11-00A0C91BC942}") = "rpw.tw.data.sqlite.test", "data.sqlite\test\rpw.tw.data.sqlite.test.vcproj", "{D7414860-9D17-4B2E-9BEB-C1C48ED3B522}"
	ProjectSection(ProjectDependencies) = postProject
		{772C2111-BBBF-49E6-B912-198A7F7A88E5} = {772C2111-BBBF-49E6-B912-198A7F7A88E5}
		{0336DE65-2239-49BA-BE40-C6D7BB0BAA78} = {0336DE65-2239-49BA-BE40-C6D7BB0BAA78}
		{2BF99972-4DA8-4E2E-BB0B-C7074E691009} = {2BF99972-4DA8-4E2E-BB0B-C7074E691009}
		{435F97A8-4DF5-4931-AEB2-706E74C1D0EC} = {435F97A8-4DF5-4931-AEB2-706E74C1D0EC}
		{5080B3C9-BF1E-4191-8777-942C3267F78D} = {5080B3C9-BF1E-4191-8777-942C3267F78D}
		{331EC3ED-F435-461C-AC93-C590C4CD7EA6} = {331EC3ED-F435-461C-AC93-C590C4CD7EA6}
	EndProjectSection
EndProject
Project("{8BC9CEB8-8B4A-11D0-8D11-00A0C91BC942}") = "rpw.tw.parser.lemon", "parser.lemon\src\rpw.tw.parser.lemon.vcproj", "{435F97A8-4DF5-4931-AEB2-706E74C1D0EC}"
	ProjectSection(ProjectDependencies) = postProject
		{5080B3C9-BF1E-4191-8777-942C3267F78D} = {5080B3C9-BF1E-4191-8777-942C3267F78D}
	EndProjectSection
EndProject
Project("{8BC9CEB8-8B4A-11D0-8D11-00A0C91BC942}") = "rpw.tw.parser.lemon.test", "parser.lemon\test\rpw.tw.parser.lemon.test.vcproj", "{AD36C3F7-0E9A-4D98-A933-2F8B20B5487B}"
	ProjectSection(ProjectDependencies) = postProject
		{772C2111-BBBF-49E6-B912-198A7F7A88E5} = {772C2111-BBBF-49E6-B912-198A7F7A88E5}
		{2BF99972-4DA8-4E2E-BB0B-C7074E691009} = {2BF99972-4DA8-4E2E-BB0B-C7074E691009}
		{435F97A8-4DF5-4931-AEB2-706E74C1D0EC} = {435F97A8-4DF5-4931-AEB2-706E74C1D0EC}
		{5080B3C9-BF1E-4191-8777-942C3267F78D} = {5080B3C9-BF1E-4191-8777-942C3267F78D}
	EndProjectSection
EndProject
Project("{8BC9CEB8-8B4A-11D0-8D11-00A0C91BC942}") = "rpw.tw.proxy", "proxy\src\rpw.tw.proxy.vcproj", "{DCFAB043-92EA-4EF8-833D-1DA2ED3DA394}"
	ProjectSection(ProjectDependencies) = postProject
		{772C2111-BBBF-49E6-B912-198A7F7A88E5} = {772C2111-BBBF-49E6-B912-198A7F7A88E5}
		{0336DE65-2239-49BA-BE40-C6D7BB0BAA78} = {0336DE65-2239-49BA-BE40-C6D7BB0BAA78}
		{435F97A8-4DF5-4931-AEB2-706E74C1D0EC} = {435F97A8-4DF5-4931-AEB2-706E74C1D0EC}
		{5080B3C9-BF1E-4191-8777-942C3267F78D} = {5080B3C9-BF1E-4191-8777-942C3267F78D}
		{331EC3ED-F435-461C-AC93-C590C4CD7EA6} = {331EC3ED-F435-461C-AC93-C590C4CD7EA6}
	EndProjectSection
EndProject
Project("{8BC9CEB8-8B4A-11D0-8D11-00A0C91BC942}") = "rpw.core.test", "..\rpw.core\test\rpw.core.test.vcproj", "{216D6F42-E0B0-4C87-AE2D-CB7A90E59B7B}"
	ProjectSection(ProjectDependencies) = postProject
		{772C2111-BBBF-49E6-B912-198A7F7A88E5} = {772C2111-BBBF-49E6-B912-198A7F7A88E5}
		{2BF99972-4DA8-4E2E-BB0B-C7074E691009} = {2BF99972-4DA8-4E2E-BB0B-C7074E691009}
		{5080B3C9-BF1E-4191-8777-942C3267F78D} = {5080B3C9-BF1E-4191-8777-942C3267F78D}
	EndProjectSection
EndProject
Global
	GlobalSection(SolutionConfigurationPlatforms) = preSolution
		Debug|Win32 = Debug|Win32
		Release|Win32 = Release|Win32
	EndGlobalSection
	GlobalSection(ProjectConfigurationPlatforms) = postSolution
		{5080B3C9-BF1E-4191-8777-942C3267F78D}.Debug|Win32.ActiveCfg = Debug|Win32
		{5080B3C9-BF1E-4191-8777-942C3267F78D}.Debug|Win32.Build.0 = Debug|Win32
		{5080B3C9-BF1E-4191-8777-942C3267F78D}.Release|Win32.ActiveCfg = Release|Win32
		{5080B3C9-BF1E-4191-8777-942C3267F78D}.Release|Win32.Build.0 = Release|Win32
		{2BF99972-4DA8-4E2E-BB0B-C7074E691009}.Debug|Win32.ActiveCfg = Debug|Win32
		{2BF99972-4DA8-4E2E-BB0B-C7074E691009}.Debug|Win32.Build.0 = Debug|Win32
		{2BF99972-4DA8-4E2E-BB0B-C7074E691009}.Release|Win32.ActiveCfg = Release|Win32
		{2BF99972-4DA8-4E2E-BB0B-C7074E691009}.Release|Win32.Build.0 = Release|Win32
		{772C2111-BBBF-49E6-B912-198A7F7A88E5}.Debug|Win32.ActiveCfg = Debug|Win32
		{772C2111-BBBF-49E6-B912-198A7F7A88E5}.Debug|Win32.Build.0 = Debug|Win32
		{772C2111-BBBF-49E6-B912-198A7F7A88E5}.Release|Win32.ActiveCfg = Release|Win32
		{772C2111-BBBF-49E6-B912-198A7F7A88E5}.Release|Win32.Build.0 = Release|Win32
		{331EC3ED-F435-461C-AC93-C590C4CD7EA6}.Debug|Win32.ActiveCfg = Debug|Win32
		{331EC3ED-F435-461C-AC93-C590C4CD7EA6}.Debug|Win32.Build.0 = Debug|Win32
		{331EC3ED-F435-461C-AC93-C590C4CD7EA6}.Release|Win32.ActiveCfg = Release|Win32
		{331EC3ED-F435-461C-AC93-C590C4CD7EA6}.Release|Win32.Build.0 = Release|Win32
		{0336DE65-2239-49BA-BE40-C6D7BB0BAA78}.Debug|Win32.ActiveCfg = Debug|Win32
		{0336DE65-2239-49BA-BE40-C6D7BB0BAA78}.Debug|Win32.Build.0 = Debug|Win32
		{0336DE65-2239-49BA-BE40-C6D7BB0BAA78}.Release|Win32.ActiveCfg = Release|Win32
		{0336DE65-2239-49BA-BE40-C6D7BB0BAA78}.Release|Win32.Build.0 = Release|Win32
		{D7414860-9D17-4B2E-9BEB-C1C48ED3B522}.Debug|Win32.ActiveCfg = Debug|Win32
		{D7414860-9D17-4B2E-9BEB-C1C48ED3B522}.Debug|Win32.Build.0 = Debug|Win32
		{D7414860-9D17-4B2E-9BEB-C1C48ED3B522}.Release|Win32.ActiveCfg = Release|Win32
		{D7414860-9D17-4B2E-9BEB-C1C48ED3B522}.Release|Win32.Build.0 = Release|Win32
		{435F97A8-4DF5-4931-AEB2-706E74C1D0EC}.Debug|Win32.ActiveCfg = Debug|Win32
		{435F97A8-4DF5-4931-AEB2-706E74C1D0EC}.Debug|Win32.Build.0 = Debug|Win32
		{435F97A8-4DF5-4931-AEB2-706E74C1D0EC}.Release|Win32.ActiveCfg = Release|Win32
		{435F97A8-4DF5-4931-AEB2-706E74C1D0EC}.Release|Win32.Build.0 = Release|Win32
		{AD36C3F7-0E9A-4D98-A933-2F8B20B5487B}.Debug|Win32.ActiveCfg = Debug|Win32
		{AD36C3F7-0E9A-4D98-A933-2F8B20B5487B}.Debug|Win32.Build.0 = Debug|Win32
		{AD36C3F7-0E9A-4D98-A933-2F8B20B5487B}.Release|Win32.ActiveCfg = Release|Win32
		{AD36C3F7-0E9A-4D98-A933-2F8B20B5487B}.Release|Win32.Build.0 = Release|Win32
		{DCFAB043-92EA-4EF8-833D-1DA2ED3DA394}.Debug|Win32.ActiveCfg = Debug|Win32
		{DCFAB043-92EA-4EF8-833D-1DA2ED3DA394}.Debug|Win32.Build.0 = Debug|Win32
		{DCFAB043-92EA-4EF8-833D-1DA2ED3DA394}.Release|Win32.ActiveCfg = Release|Win32
		{DCFAB043-92EA-4EF8-833D-1DA2ED3DA394}.Release|Win32.Build.0 = Release|Win32
		{216D6F42-E0B0-4C87-AE2D-CB7A90E59B7B}.Debug|Win32.ActiveCfg = Debug|Win32
		{216D6F42-E0B0-4C87-AE2D-CB7A90E59B7B}.Debug|Win32.Build.0 = Debug|Win32
		{216D6F42-E0B0-4C87-AE2D-CB7A90E59B7B}.Release|Win32.ActiveCfg = Release|Win32
		{216D6F42-E0B0-4C87-AE2D-CB7A90E59B7B}.Release|Win32.Build.0 = Release|Win32
	EndGlobalSection
	GlobalSection(SolutionProperties) = preSolution
		HideSolutionNode = FALSE
	EndGlobalSection
EndGlobal
